// !$*UTF8*$!
{
	archiveVersion = 1;
	classes = {
	};
	objectVersion = 56;
	objects = {

/* Begin PBXBuildFile section */
		4EA0680F2BF1DF6300D61CAA /* DestinationSearchView.swift in Sources */ = {isa = PBXBuildFile; fileRef = 4EA0680E2BF1DF6300D61CAA /* DestinationSearchView.swift */; };
		4EA068112BF23AE300D61CAA /* ProfileView.swift in Sources */ = {isa = PBXBuildFile; fileRef = 4EA068102BF23AE300D61CAA /* ProfileView.swift */; };
		4EA068132BF23CC500D61CAA /* ProfileOptionRowView.swift in Sources */ = {isa = PBXBuildFile; fileRef = 4EA068122BF23CC500D61CAA /* ProfileOptionRowView.swift */; };
		4EA068162BF2642800D61CAA /* WishlistsView.swift in Sources */ = {isa = PBXBuildFile; fileRef = 4EA068152BF2642800D61CAA /* WishlistsView.swift */; };
		4EA068182BF2695C00D61CAA /* MainTabView.swift in Sources */ = {isa = PBXBuildFile; fileRef = 4EA068172BF2695C00D61CAA /* MainTabView.swift */; };
		4EA0681C2BF26B3B00D61CAA /* Listing.swift in Sources */ = {isa = PBXBuildFile; fileRef = 4EA0681B2BF26B3B00D61CAA /* Listing.swift */; };
		4EE290542BEDF23F006EE225 /* AirbnbApp.swift in Sources */ = {isa = PBXBuildFile; fileRef = 4EE290532BEDF23F006EE225 /* AirbnbApp.swift */; };
		4EE290562BEDF23F006EE225 /* ContentView.swift in Sources */ = {isa = PBXBuildFile; fileRef = 4EE290552BEDF23F006EE225 /* ContentView.swift */; };
		4EE290582BEDF242006EE225 /* Assets.xcassets in Resources */ = {isa = PBXBuildFile; fileRef = 4EE290572BEDF242006EE225 /* Assets.xcassets */; };
		4EE2905B2BEDF242006EE225 /* Preview Assets.xcassets in Resources */ = {isa = PBXBuildFile; fileRef = 4EE2905A2BEDF242006EE225 /* Preview Assets.xcassets */; };
		4EE2906E2BEDF51D006EE225 /* ExploreView.swift in Sources */ = {isa = PBXBuildFile; fileRef = 4EE2906D2BEDF51D006EE225 /* ExploreView.swift */; };
		4EE290702BEDF7CA006EE225 /* ListingItemView.swift in Sources */ = {isa = PBXBuildFile; fileRef = 4EE2906F2BEDF7CA006EE225 /* ListingItemView.swift */; };
		4EE290722BEF9CCA006EE225 /* SearchAndFilterBar.swift in Sources */ = {isa = PBXBuildFile; fileRef = 4EE290712BEF9CCA006EE225 /* SearchAndFilterBar.swift */; };
		4EE290742BEFA60B006EE225 /* ListingDetailView.swift in Sources */ = {isa = PBXBuildFile; fileRef = 4EE290732BEFA60B006EE225 /* ListingDetailView.swift */; };
		4EE290772BEFA6EB006EE225 /* ListingImageCarouselView.swift in Sources */ = {isa = PBXBuildFile; fileRef = 4EE290762BEFA6EB006EE225 /* ListingImageCarouselView.swift */; };
/* End PBXBuildFile section */

/* Begin PBXFileReference section */
		4EA0680E2BF1DF6300D61CAA /* DestinationSearchView.swift */ = {isa = PBXFileReference; lastKnownFileType = sourcecode.swift; path = DestinationSearchView.swift; sourceTree = "<group>"; };
		4EA068102BF23AE300D61CAA /* ProfileView.swift */ = {isa = PBXFileReference; lastKnownFileType = sourcecode.swift; path = ProfileView.swift; sourceTree = "<group>"; };
		4EA068122BF23CC500D61CAA /* ProfileOptionRowView.swift */ = {isa = PBXFileReference; lastKnownFileType = sourcecode.swift; path = ProfileOptionRowView.swift; sourceTree = "<group>"; };
		4EA068152BF2642800D61CAA /* WishlistsView.swift */ = {isa = PBXFileReference; lastKnownFileType = sourcecode.swift; path = WishlistsView.swift; sourceTree = "<group>"; };
		4EA068172BF2695C00D61CAA /* MainTabView.swift */ = {isa = PBXFileReference; lastKnownFileType = sourcecode.swift; path = MainTabView.swift; sourceTree = "<group>"; };
		4EA0681B2BF26B3B00D61CAA /* Listing.swift */ = {isa = PBXFileReference; lastKnownFileType = sourcecode.swift; path = Listing.swift; sourceTree = "<group>"; };
		4EE290502BEDF23F006EE225 /* Airbnb.app */ = {isa = PBXFileReference; explicitFileType = wrapper.application; includeInIndex = 0; path = Airbnb.app; sourceTree = BUILT_PRODUCTS_DIR; };
		4EE290532BEDF23F006EE225 /* AirbnbApp.swift */ = {isa = PBXFileReference; lastKnownFileType = sourcecode.swift; path = AirbnbApp.swift; sourceTree = "<group>"; };
		4EE290552BEDF23F006EE225 /* ContentView.swift */ = {isa = PBXFileReference; lastKnownFileType = sourcecode.swift; path = ContentView.swift; sourceTree = "<group>"; };
		4EE290572BEDF242006EE225 /* Assets.xcassets */ = {isa = PBXFileReference; lastKnownFileType = folder.assetcatalog; path = Assets.xcassets; sourceTree = "<group>"; };
		4EE2905A2BEDF242006EE225 /* Preview Assets.xcassets */ = {isa = PBXFileReference; lastKnownFileType = folder.assetcatalog; path = "Preview Assets.xcassets"; sourceTree = "<group>"; };
		4EE2906D2BEDF51D006EE225 /* ExploreView.swift */ = {isa = PBXFileReference; lastKnownFileType = sourcecode.swift; path = ExploreView.swift; sourceTree = "<group>"; };
		4EE2906F2BEDF7CA006EE225 /* ListingItemView.swift */ = {isa = PBXFileReference; lastKnownFileType = sourcecode.swift; path = ListingItemView.swift; sourceTree = "<group>"; };
		4EE290712BEF9CCA006EE225 /* SearchAndFilterBar.swift */ = {isa = PBXFileReference; lastKnownFileType = sourcecode.swift; path = SearchAndFilterBar.swift; sourceTree = "<group>"; };
		4EE290732BEFA60B006EE225 /* ListingDetailView.swift */ = {isa = PBXFileReference; lastKnownFileType = sourcecode.swift; path = ListingDetailView.swift; sourceTree = "<group>"; };
		4EE290762BEFA6EB006EE225 /* ListingImageCarouselView.swift */ = {isa = PBXFileReference; lastKnownFileType = sourcecode.swift; path = ListingImageCarouselView.swift; sourceTree = "<group>"; };
/* End PBXFileReference section */

/* Begin PBXFrameworksBuildPhase section */
		4EE2904D2BEDF23F006EE225 /* Frameworks */ = {
			isa = PBXFrameworksBuildPhase;
			buildActionMask = 2147483647;
			files = (
			);
			runOnlyForDeploymentPostprocessing = 0;
		};
/* End PBXFrameworksBuildPhase section */

/* Begin PBXGroup section */
		4EA068192BF26AEF00D61CAA /* Model */ = {
			isa = PBXGroup;
			children = (
				4EA0681B2BF26B3B00D61CAA /* Listing.swift */,
			);
			path = Model;
			sourceTree = "<group>";
		};
		4EA0681A2BF26AF400D61CAA /* View */ = {
			isa = PBXGroup;
			children = (
				4EE2906F2BEDF7CA006EE225 /* ListingItemView.swift */,
				4EE290732BEFA60B006EE225 /* ListingDetailView.swift */,
			);
			path = View;
			sourceTree = "<group>";
		};
		4EE290472BEDF23F006EE225 = {
			isa = PBXGroup;
			children = (
				4EE290522BEDF23F006EE225 /* Airbnb */,
				4EE290512BEDF23F006EE225 /* Products */,
			);
			sourceTree = "<group>";
		};
		4EE290512BEDF23F006EE225 /* Products */ = {
			isa = PBXGroup;
			children = (
				4EE290502BEDF23F006EE225 /* Airbnb.app */,
			);
			name = Products;
			sourceTree = "<group>";
		};
		4EE290522BEDF23F006EE225 /* Airbnb */ = {
			isa = PBXGroup;
			children = (
				4EE290612BEDF39C006EE225 /* App */,
				4EE290622BEDF3A1006EE225 /* Core */,
				4EE290632BEDF3B3006EE225 /* Extensions */,
				4EE290642BEDF3BC006EE225 /* Models */,
				4EE290652BEDF3CC006EE225 /* Utils */,
				4EE290532BEDF23F006EE225 /* AirbnbApp.swift */,
				4EE290552BEDF23F006EE225 /* ContentView.swift */,
				4EE290572BEDF242006EE225 /* Assets.xcassets */,
				4EE290592BEDF242006EE225 /* Preview Content */,
			);
			path = Airbnb;
			sourceTree = "<group>";
		};
		4EE290592BEDF242006EE225 /* Preview Content */ = {
			isa = PBXGroup;
			children = (
				4EE2905A2BEDF242006EE225 /* Preview Assets.xcassets */,
			);
			path = "Preview Content";
			sourceTree = "<group>";
		};
		4EE290612BEDF39C006EE225 /* App */ = {
			isa = PBXGroup;
			children = (
			);
			path = App;
			sourceTree = "<group>";
		};
		4EE290622BEDF3A1006EE225 /* Core */ = {
			isa = PBXGroup;
			children = (
				4EE290752BEFA6AF006EE225 /* Components */,
				4EE290662BEDF432006EE225 /* Explore */,
				4EE290682BEDF443006EE225 /* Listings */,
				4EE290672BEDF43D006EE225 /* MapView */,
				4EE2906C2BEDF479006EE225 /* Wishlists */,
				4EE290692BEDF452006EE225 /* Profile */,
				4EE2906A2BEDF464006EE225 /* Root */,
				4EE2906B2BEDF46C006EE225 /* TabBar */,
			);
			path = Core;
			sourceTree = "<group>";
		};
		4EE290632BEDF3B3006EE225 /* Extensions */ = {
			isa = PBXGroup;
			children = (
			);
			path = Extensions;
			sourceTree = "<group>";
		};
		4EE290642BEDF3BC006EE225 /* Models */ = {
			isa = PBXGroup;
			children = (
			);
			path = Models;
			sourceTree = "<group>";
		};
		4EE290652BEDF3CC006EE225 /* Utils */ = {
			isa = PBXGroup;
			children = (
			);
			path = Utils;
			sourceTree = "<group>";
		};
		4EE290662BEDF432006EE225 /* Explore */ = {
			isa = PBXGroup;
			children = (
				4EE2906D2BEDF51D006EE225 /* ExploreView.swift */,
				4EE290712BEF9CCA006EE225 /* SearchAndFilterBar.swift */,
				4EA0680E2BF1DF6300D61CAA /* DestinationSearchView.swift */,
			);
			path = Explore;
			sourceTree = "<group>";
		};
		4EE290672BEDF43D006EE225 /* MapView */ = {
			isa = PBXGroup;
			children = (
			);
			path = MapView;
			sourceTree = "<group>";
		};
		4EE290682BEDF443006EE225 /* Listings */ = {
			isa = PBXGroup;
			children = (
				4EA0681A2BF26AF400D61CAA /* View */,
				4EA068192BF26AEF00D61CAA /* Model */,
			);
			path = Listings;
			sourceTree = "<group>";
		};
		4EE290692BEDF452006EE225 /* Profile */ = {
			isa = PBXGroup;
			children = (
				4EA068102BF23AE300D61CAA /* ProfileView.swift */,
				4EA068122BF23CC500D61CAA /* ProfileOptionRowView.swift */,
			);
			path = Profile;
			sourceTree = "<group>";
		};
		4EE2906A2BEDF464006EE225 /* Root */ = {
			isa = PBXGroup;
			children = (
			);
			path = Root;
			sourceTree = "<group>";
		};
		4EE2906B2BEDF46C006EE225 /* TabBar */ = {
			isa = PBXGroup;
			children = (
				4EA068172BF2695C00D61CAA /* MainTabView.swift */,
			);
			path = TabBar;
			sourceTree = "<group>";
		};
		4EE2906C2BEDF479006EE225 /* Wishlists */ = {
			isa = PBXGroup;
			children = (
				4EA068152BF2642800D61CAA /* WishlistsView.swift */,
			);
			path = Wishlists;
			sourceTree = "<group>";
		};
		4EE290752BEFA6AF006EE225 /* Components */ = {
			isa = PBXGroup;
			children = (
				4EE290762BEFA6EB006EE225 /* ListingImageCarouselView.swift */,
			);
			path = Components;
			sourceTree = "<group>";
		};
/* End PBXGroup section */

/* Begin PBXNativeTarget section */
		4EE2904F2BEDF23F006EE225 /* Airbnb */ = {
			isa = PBXNativeTarget;
			buildConfigurationList = 4EE2905E2BEDF242006EE225 /* Build configuration list for PBXNativeTarget "Airbnb" */;
			buildPhases = (
				4EE2904C2BEDF23F006EE225 /* Sources */,
				4EE2904D2BEDF23F006EE225 /* Frameworks */,
				4EE2904E2BEDF23F006EE225 /* Resources */,
			);
			buildRules = (
			);
			dependencies = (
			);
			name = Airbnb;
			productName = Airbnb;
			productReference = 4EE290502BEDF23F006EE225 /* Airbnb.app */;
			productType = "com.apple.product-type.application";
		};
/* End PBXNativeTarget section */

/* Begin PBXProject section */
		4EE290482BEDF23F006EE225 /* Project object */ = {
			isa = PBXProject;
			attributes = {
				BuildIndependentTargetsInParallel = 1;
				LastSwiftUpdateCheck = 1530;
				LastUpgradeCheck = 1530;
				TargetAttributes = {
					4EE2904F2BEDF23F006EE225 = {
						CreatedOnToolsVersion = 15.3;
					};
				};
			};
			buildConfigurationList = 4EE2904B2BEDF23F006EE225 /* Build configuration list for PBXProject "Airbnb" */;
			compatibilityVersion = "Xcode 14.0";
			developmentRegion = en;
			hasScannedForEncodings = 0;
			knownRegions = (
				en,
				Base,
			);
			mainGroup = 4EE290472BEDF23F006EE225;
			productRefGroup = 4EE290512BEDF23F006EE225 /* Products */;
			projectDirPath = "";
			projectRoot = "";
			targets = (
				4EE2904F2BEDF23F006EE225 /* Airbnb */,
			);
		};
/* End PBXProject section */

/* Begin PBXResourcesBuildPhase section */
		4EE2904E2BEDF23F006EE225 /* Resources */ = {
			isa = PBXResourcesBuildPhase;
			buildActionMask = 2147483647;
			files = (
				4EE2905B2BEDF242006EE225 /* Preview Assets.xcassets in Resources */,
				4EE290582BEDF242006EE225 /* Assets.xcassets in Resources */,
			);
			runOnlyForDeploymentPostprocessing = 0;
		};
/* End PBXResourcesBuildPhase section */

/* Begin PBXSourcesBuildPhase section */
		4EE2904C2BEDF23F006EE225 /* Sources */ = {
			isa = PBXSourcesBuildPhase;
			buildActionMask = 2147483647;
			files = (
				4EE290772BEFA6EB006EE225 /* ListingImageCarouselView.swift in Sources */,
				4EA068112BF23AE300D61CAA /* ProfileView.swift in Sources */,
				4EA068132BF23CC500D61CAA /* ProfileOptionRowView.swift in Sources */,
				4EA0680F2BF1DF6300D61CAA /* DestinationSearchView.swift in Sources */,
				4EE290562BEDF23F006EE225 /* ContentView.swift in Sources */,
				4EE290702BEDF7CA006EE225 /* ListingItemView.swift in Sources */,
				4EA068162BF2642800D61CAA /* WishlistsView.swift in Sources */,
				4EA0681C2BF26B3B00D61CAA /* Listing.swift in Sources */,
				4EE2906E2BEDF51D006EE225 /* ExploreView.swift in Sources */,
				4EE290722BEF9CCA006EE225 /* SearchAndFilterBar.swift in Sources */,
				4EE290742BEFA60B006EE225 /* ListingDetailView.swift in Sources */,
				4EE290542BEDF23F006EE225 /* AirbnbApp.swift in Sources */,
				4EA068182BF2695C00D61CAA /* MainTabView.swift in Sources */,
			);
			runOnlyForDeploymentPostprocessing = 0;
		};
/* End PBXSourcesBuildPhase section */

/* Begin XCBuildConfiguration section */
		4EE2905C2BEDF242006EE225 /* Debug */ = {
			isa = XCBuildConfiguration;
			buildSettings = {
				ALWAYS_SEARCH_USER_PATHS = NO;
				ASSETCATALOG_COMPILER_GENERATE_SWIFT_ASSET_SYMBOL_EXTENSIONS = YES;
				CLANG_ANALYZER_NONNULL = YES;
				CLANG_ANALYZER_NUMBER_OBJECT_CONVERSION = YES_AGGRESSIVE;
				CLANG_CXX_LANGUAGE_STANDARD = "gnu++20";
				CLANG_ENABLE_MODULES = YES;
				CLANG_ENABLE_OBJC_ARC = YES;
				CLANG_ENABLE_OBJC_WEAK = YES;
				CLANG_WARN_BLOCK_CAPTURE_AUTORELEASING = YES;
				CLANG_WARN_BOOL_CONVERSION = YES;
				CLANG_WARN_COMMA = YES;
				CLANG_WARN_CONSTANT_CONVERSION = YES;
				CLANG_WARN_DEPRECATED_OBJC_IMPLEMENTATIONS = YES;
				CLANG_WARN_DIRECT_OBJC_ISA_USAGE = YES_ERROR;
				CLANG_WARN_DOCUMENTATION_COMMENTS = YES;
				CLANG_WARN_EMPTY_BODY = YES;
				CLANG_WARN_ENUM_CONVERSION = YES;
				CLANG_WARN_INFINITE_RECURSION = YES;
				CLANG_WARN_INT_CONVERSION = YES;
				CLANG_WARN_NON_LITERAL_NULL_CONVERSION = YES;
				CLANG_WARN_OBJC_IMPLICIT_RETAIN_SELF = YES;
				CLANG_WARN_OBJC_LITERAL_CONVERSION = YES;
				CLANG_WARN_OBJC_ROOT_CLASS = YES_ERROR;
				CLANG_WARN_QUOTED_INCLUDE_IN_FRAMEWORK_HEADER = YES;
				CLANG_WARN_RANGE_LOOP_ANALYSIS = YES;
				CLANG_WARN_STRICT_PROTOTYPES = YES;
				CLANG_WARN_SUSPICIOUS_MOVE = YES;
				CLANG_WARN_UNGUARDED_AVAILABILITY = YES_AGGRESSIVE;
				CLANG_WARN_UNREACHABLE_CODE = YES;
				CLANG_WARN__DUPLICATE_METHOD_MATCH = YES;
				COPY_PHASE_STRIP = NO;
				DEBUG_INFORMATION_FORMAT = dwarf;
				ENABLE_STRICT_OBJC_MSGSEND = YES;
				ENABLE_TESTABILITY = YES;
				ENABLE_USER_SCRIPT_SANDBOXING = YES;
				GCC_C_LANGUAGE_STANDARD = gnu17;
				GCC_DYNAMIC_NO_PIC = NO;
				GCC_NO_COMMON_BLOCKS = YES;
				GCC_OPTIMIZATION_LEVEL = 0;
				GCC_PREPROCESSOR_DEFINITIONS = (
					"DEBUG=1",
					"$(inherited)",
				);
				GCC_WARN_64_TO_32_BIT_CONVERSION = YES;
				GCC_WARN_ABOUT_RETURN_TYPE = YES_ERROR;
				GCC_WARN_UNDECLARED_SELECTOR = YES;
				GCC_WARN_UNINITIALIZED_AUTOS = YES_AGGRESSIVE;
				GCC_WARN_UNUSED_FUNCTION = YES;
				GCC_WARN_UNUSED_VARIABLE = YES;
				IPHONEOS_DEPLOYMENT_TARGET = 17.4;
				LOCALIZATION_PREFERS_STRING_CATALOGS = YES;
				MTL_ENABLE_DEBUG_INFO = INCLUDE_SOURCE;
				MTL_FAST_MATH = YES;
				ONLY_ACTIVE_ARCH = YES;
				SDKROOT = iphoneos;
				SWIFT_ACTIVE_COMPILATION_CONDITIONS = "DEBUG $(inherited)";
				SWIFT_OPTIMIZATION_LEVEL = "-Onone";
			};
			name = Debug;
		};
		4EE2905D2BEDF242006EE225 /* Release */ = {
			isa = XCBuildConfiguration;
			buildSettings = {
				ALWAYS_SEARCH_USER_PATHS = NO;
				ASSETCATALOG_COMPILER_GENERATE_SWIFT_ASSET_SYMBOL_EXTENSIONS = YES;
				CLANG_ANALYZER_NONNULL = YES;
				CLANG_ANALYZER_NUMBER_OBJECT_CONVERSION = YES_AGGRESSIVE;
				CLANG_CXX_LANGUAGE_STANDARD = "gnu++20";
				CLANG_ENABLE_MODULES = YES;
				CLANG_ENABLE_OBJC_ARC = YES;
				CLANG_ENABLE_OBJC_WEAK = YES;
				CLANG_WARN_BLOCK_CAPTURE_AUTORELEASING = YES;
				CLANG_WARN_BOOL_CONVERSION = YES;
				CLANG_WARN_COMMA = YES;
				CLANG_WARN_CONSTANT_CONVERSION = YES;
				CLANG_WARN_DEPRECATED_OBJC_IMPLEMENTATIONS = YES;
				CLANG_WARN_DIRECT_OBJC_ISA_USAGE = YES_ERROR;
				CLANG_WARN_DOCUMENTATION_COMMENTS = YES;
				CLANG_WARN_EMPTY_BODY = YES;
				CLANG_WARN_ENUM_CONVERSION = YES;
				CLANG_WARN_INFINITE_RECURSION = YES;
				CLANG_WARN_INT_CONVERSION = YES;
				CLANG_WARN_NON_LITERAL_NULL_CONVERSION = YES;
				CLANG_WARN_OBJC_IMPLICIT_RETAIN_SELF = YES;
				CLANG_WARN_OBJC_LITERAL_CONVERSION = YES;
				CLANG_WARN_OBJC_ROOT_CLASS = YES_ERROR;
				CLANG_WARN_QUOTED_INCLUDE_IN_FRAMEWORK_HEADER = YES;
				CLANG_WARN_RANGE_LOOP_ANALYSIS = YES;
				CLANG_WARN_STRICT_PROTOTYPES = YES;
				CLANG_WARN_SUSPICIOUS_MOVE = YES;
				CLANG_WARN_UNGUARDED_AVAILABILITY = YES_AGGRESSIVE;
				CLANG_WARN_UNREACHABLE_CODE = YES;
				CLANG_WARN__DUPLICATE_METHOD_MATCH = YES;
				COPY_PHASE_STRIP = NO;
				DEBUG_INFORMATION_FORMAT = "dwarf-with-dsym";
				ENABLE_NS_ASSERTIONS = NO;
				ENABLE_STRICT_OBJC_MSGSEND = YES;
				ENABLE_USER_SCRIPT_SANDBOXING = YES;
				GCC_C_LANGUAGE_STANDARD = gnu17;
				GCC_NO_COMMON_BLOCKS = YES;
				GCC_WARN_64_TO_32_BIT_CONVERSION = YES;
				GCC_WARN_ABOUT_RETURN_TYPE = YES_ERROR;
				GCC_WARN_UNDECLARED_SELECTOR = YES;
				GCC_WARN_UNINITIALIZED_AUTOS = YES_AGGRESSIVE;
				GCC_WARN_UNUSED_FUNCTION = YES;
				GCC_WARN_UNUSED_VARIABLE = YES;
				IPHONEOS_DEPLOYMENT_TARGET = 17.4;
				LOCALIZATION_PREFERS_STRING_CATALOGS = YES;
				MTL_ENABLE_DEBUG_INFO = NO;
				MTL_FAST_MATH = YES;
				SDKROOT = iphoneos;
				SWIFT_COMPILATION_MODE = wholemodule;
				VALIDATE_PRODUCT = YES;
			};
			name = Release;
		};
		4EE2905F2BEDF242006EE225 /* Debug */ = {
			isa = XCBuildConfiguration;
			buildSettings = {
				ASSETCATALOG_COMPILER_APPICON_NAME = AppIcon;
				ASSETCATALOG_COMPILER_GLOBAL_ACCENT_COLOR_NAME = AccentColor;
				CODE_SIGN_STYLE = Automatic;
				CURRENT_PROJECT_VERSION = 1;
				DEVELOPMENT_ASSET_PATHS = "\"Airbnb/Preview Content\"";
				DEVELOPMENT_TEAM = HV6TMB7LNL;
				ENABLE_PREVIEWS = YES;
				GENERATE_INFOPLIST_FILE = YES;
				INFOPLIST_KEY_UIApplicationSceneManifest_Generation = YES;
				INFOPLIST_KEY_UIApplicationSupportsIndirectInputEvents = YES;
				INFOPLIST_KEY_UILaunchScreen_Generation = YES;
				INFOPLIST_KEY_UISupportedInterfaceOrientations_iPad = "UIInterfaceOrientationPortrait UIInterfaceOrientationPortraitUpsideDown UIInterfaceOrientationLandscapeLeft UIInterfaceOrientationLandscapeRight";
				INFOPLIST_KEY_UISupportedInterfaceOrientations_iPhone = "UIInterfaceOrientationPortrait UIInterfaceOrientationLandscapeLeft UIInterfaceOrientationLandscapeRight";
				LD_RUNPATH_SEARCH_PATHS = (
					"$(inherited)",
					"@executable_path/Frameworks",
				);
				MARKETING_VERSION = 1.0;
				PRODUCT_BUNDLE_IDENTIFIER = com.ankitmahotla.Airbnb;
				PRODUCT_NAME = "$(TARGET_NAME)";
				SWIFT_EMIT_LOC_STRINGS = YES;
				SWIFT_VERSION = 5.0;
				TARGETED_DEVICE_FAMILY = "1,2";
			};
			name = Debug;
		};
		4EE290602BEDF242006EE225 /* Release */ = {
			isa = XCBuildConfiguration;
			buildSettings = {
				ASSETCATALOG_COMPILER_APPICON_NAME = AppIcon;
				ASSETCATALOG_COMPILER_GLOBAL_ACCENT_COLOR_NAME = AccentColor;
				CODE_SIGN_STYLE = Automatic;
				CURRENT_PROJECT_VERSION = 1;
				DEVELOPMENT_ASSET_PATHS = "\"Airbnb/Preview Content\"";
				DEVELOPMENT_TEAM = HV6TMB7LNL;
				ENABLE_PREVIEWS = YES;
				GENERATE_INFOPLIST_FILE = YES;
				INFOPLIST_KEY_UIApplicationSceneManifest_Generation = YES;
				INFOPLIST_KEY_UIApplicationSupportsIndirectInputEvents = YES;
				INFOPLIST_KEY_UILaunchScreen_Generation = YES;
				INFOPLIST_KEY_UISupportedInterfaceOrientations_iPad = "UIInterfaceOrientationPortrait UIInterfaceOrientationPortraitUpsideDown UIInterfaceOrientationLandscapeLeft UIInterfaceOrientationLandscapeRight";
				INFOPLIST_KEY_UISupportedInterfaceOrientations_iPhone = "UIInterfaceOrientationPortrait UIInterfaceOrientationLandscapeLeft UIInterfaceOrientationLandscapeRight";
				LD_RUNPATH_SEARCH_PATHS = (
					"$(inherited)",
					"@executable_path/Frameworks",
				);
				MARKETING_VERSION = 1.0;
				PRODUCT_BUNDLE_IDENTIFIER = com.ankitmahotla.Airbnb;
				PRODUCT_NAME = "$(TARGET_NAME)";
				SWIFT_EMIT_LOC_STRINGS = YES;
				SWIFT_VERSION = 5.0;
				TARGETED_DEVICE_FAMILY = "1,2";
			};
			name = Release;
		};
/* End XCBuildConfiguration section */

/* Begin XCConfigurationList section */
		4EE2904B2BEDF23F006EE225 /* Build configuration list for PBXProject "Airbnb" */ = {
			isa = XCConfigurationList;
			buildConfigurations = (
				4EE2905C2BEDF242006EE225 /* Debug */,
				4EE2905D2BEDF242006EE225 /* Release */,
			);
			defaultConfigurationIsVisible = 0;
			defaultConfigurationName = Release;
		};
		4EE2905E2BEDF242006EE225 /* Build configuration list for PBXNativeTarget "Airbnb" */ = {
			isa = XCConfigurationList;
			buildConfigurations = (
				4EE2905F2BEDF242006EE225 /* Debug */,
				4EE290602BEDF242006EE225 /* Release */,
			);
			defaultConfigurationIsVisible = 0;
			defaultConfigurationName = Release;
		};
/* End XCConfigurationList section */
	};
	rootObject = 4EE290482BEDF23F006EE225 /* Project object */;
}
